
Microsoft Visual Studio Solution File, Format Version 12.00
# Visual Studio Version 17
VisualStudioVersion = 17.0.31903.59
MinimumVisualStudioVersion = 10.0.40219.1
Project("{FAE04EC0-301F-11D3-BF4B-00C04F79EFBC}") = "Ipsum", "Ipsum\Ipsum.csproj", "{8B062DF5-F428-4F48-98C3-457456990EFE}"
EndProject
Global
	GlobalSection(SolutionConfigurationPlatforms) = preSolution
		Debug|Any CPU = Debug|Any CPU
		Release|Any CPU = Release|Any CPU
	EndGlobalSection
	GlobalSection(ProjectConfigurationPlatforms) = postSolution
		{8B062DF5-F428-4F48-98C3-457456990EFE}.Debug|Any CPU.ActiveCfg = Debug|Any CPU
		{8B062DF5-F428-4F48-98C3-457456990EFE}.Debug|Any CPU.Build.0 = Debug|Any CPU
		{8B062DF5-F428-4F48-98C3-457456990EFE}.Release|Any CPU.ActiveCfg = Release|Any CPU
		{8B062DF5-F428-4F48-98C3-457456990EFE}.Release|Any CPU.Build.0 = Release|Any CPU
	EndGlobalSection
	GlobalSection(SolutionProperties) = preSolution
		HideSolutionNode = FALSE
	EndGlobalSection
	GlobalSection(ExtensibilityGlobals) = postSolution
		SolutionGuid = {6AFB89C2-DD69-449C-B981-3E4116779FD3}
	EndGlobalSection
EndGlobal
